github.com/fauziihsan/go-module-name v1.0.0 h1:USzZLGLtuUSBRFOs2CO7Z1VHdu1oM7hnr60Vkm5LXps=
github.com/fauziihsan/go-module-name v1.0.0/go.mod h1:ViMvltpJHwAJsuAnoIEZhk5T+fT/bWg/v+69zg26xZ4=
github.com/fauziihsan/go-module-name v1.5.0 h1:lUnJAjwGZY1lFtKah/GcG1mkqPL5JpDBEdBMB07wj+U=
github.com/fauziihsan/go-module-name v1.5.0/go.mod h1:ViMvltpJHwAJsuAnoIEZhk5T+fT/bWg/v+69zg26xZ4=
github.com/fauziihsan/go-module-name/v2 v2.0.0 h1:3e9gqJLxfriGwducBt6KLOCUvEl2HOyvwDEYk0W5lt0=
github.com/fauziihsan/go-module-name/v2 v2.0.0/go.mod h1:7IpBeb00DRKKkaMI30rJWzDJycIcrJROBOubL0qPsts=
